
Microsoft Visual Studio Solution File, Format Version 12.00
# Visual Studio Version 17
VisualStudioVersion = 17.1.32421.90
MinimumVisualStudioVersion = 10.0.40219.1
Project("{9A19103F-16F7-4668-BE54-9A1E7A4F7556}") = "Learn", "Learn\Learn.csproj", "{13BCDE26-7ADA-44F7-8765-E34B6A639B02}"
EndProject
Project("{FAE04EC0-301F-11D3-BF4B-00C04F79EFBC}") = "Learn.DependencyInjection", "Learn.DependencyInjection\Learn.DependencyInjection.csproj", "{0027EE27-4BB1-4CFB-9D0F-6BA69D9A48BE}"
EndProject
Global
	GlobalSection(SolutionConfigurationPlatforms) = preSolution
		Debug|Any CPU = Debug|Any CPU
		Release|Any CPU = Release|Any CPU
	EndGlobalSection
	GlobalSection(ProjectConfigurationPlatforms) = postSolution
		{13BCDE26-7ADA-44F7-8765-E34B6A639B02}.Debug|Any CPU.ActiveCfg = Debug|Any CPU
		{13BCDE26-7ADA-44F7-8765-E34B6A639B02}.Debug|Any CPU.Build.0 = Debug|Any CPU
		{13BCDE26-7ADA-44F7-8765-E34B6A639B02}.Release|Any CPU.ActiveCfg = Release|Any CPU
		{13BCDE26-7ADA-44F7-8765-E34B6A639B02}.Release|Any CPU.Build.0 = Release|Any CPU
		{0027EE27-4BB1-4CFB-9D0F-6BA69D9A48BE}.Debug|Any CPU.ActiveCfg = Debug|Any CPU
		{0027EE27-4BB1-4CFB-9D0F-6BA69D9A48BE}.Debug|Any CPU.Build.0 = Debug|Any CPU
		{0027EE27-4BB1-4CFB-9D0F-6BA69D9A48BE}.Release|Any CPU.ActiveCfg = Release|Any CPU
		{0027EE27-4BB1-4CFB-9D0F-6BA69D9A48BE}.Release|Any CPU.Build.0 = Release|Any CPU
	EndGlobalSection
	GlobalSection(SolutionProperties) = preSolution
		HideSolutionNode = FALSE
	EndGlobalSection
	GlobalSection(ExtensibilityGlobals) = postSolution
		SolutionGuid = {B0ECB366-DB92-489F-82A6-7F2D23455FF4}
	EndGlobalSection
EndGlobal
